
Microsoft Visual Studio Solution File, Format Version 12.00
Project("{FAE04EC0-301F-11D3-BF4B-00C04F79EFBC}") = "S-Habbits.Api", "S-Habbits.Api\S-Habbits.Api.csproj", "{3DCB0059-601A-49A6-B1FB-ABA685E66873}"
EndProject
Project("{2150E333-8FDC-42A3-9474-1A3956D46DE8}") = "S-Habbits.Front", "S-Habbits.Front", "{77549B6D-A28D-4C2B-95A6-850BB38A9D6D}"
EndProject
Project("{FAE04EC0-301F-11D3-BF4B-00C04F79EFBC}") = "S-Habbits.Data", "S-Habbits.Data\S-Habbits.Data.csproj", "{879D6F2B-F3D4-4808-A199-7BD068775067}"
EndProject
Global
	GlobalSection(SolutionConfigurationPlatforms) = preSolution
		Debug|Any CPU = Debug|Any CPU
		Release|Any CPU = Release|Any CPU
	EndGlobalSection
	GlobalSection(ProjectConfigurationPlatforms) = postSolution
		{3DCB0059-601A-49A6-B1FB-ABA685E66873}.Debug|Any CPU.ActiveCfg = Debug|Any CPU
		{3DCB0059-601A-49A6-B1FB-ABA685E66873}.Debug|Any CPU.Build.0 = Debug|Any CPU
		{3DCB0059-601A-49A6-B1FB-ABA685E66873}.Release|Any CPU.ActiveCfg = Release|Any CPU
		{3DCB0059-601A-49A6-B1FB-ABA685E66873}.Release|Any CPU.Build.0 = Release|Any CPU
		{879D6F2B-F3D4-4808-A199-7BD068775067}.Debug|Any CPU.ActiveCfg = Debug|Any CPU
		{879D6F2B-F3D4-4808-A199-7BD068775067}.Debug|Any CPU.Build.0 = Debug|Any CPU
		{879D6F2B-F3D4-4808-A199-7BD068775067}.Release|Any CPU.ActiveCfg = Release|Any CPU
		{879D6F2B-F3D4-4808-A199-7BD068775067}.Release|Any CPU.Build.0 = Release|Any CPU
	EndGlobalSection
EndGlobal
